schema: '2.0'
stages:
  split:
    cmd: python -m src.split
    outs:
    - path: data/split
      hash: md5
      md5: 2c6fe0d9329c848273fcebe780e65197.dir
      size: 16525047
      nfiles: 8
  train:
    cmd: python -m src.train
    deps:
    - path: data/split
      hash: md5
      md5: 2c6fe0d9329c848273fcebe780e65197.dir
      size: 16525047
      nfiles: 8
    outs:
    - path: data/train
      hash: md5
      md5: f6d3707be98697c2cec0b3bbf92e3b30.dir
      size: 872108
      nfiles: 1
  evaluate:
    cmd: python -m src.evaluate
    deps:
    - path: data/split
      hash: md5
      md5: 2c6fe0d9329c848273fcebe780e65197.dir
      size: 16525047
      nfiles: 8
    - path: data/train
      hash: md5
      md5: f6d3707be98697c2cec0b3bbf92e3b30.dir
      size: 872108
      nfiles: 1
    outs:
    - path: data/evaluate
      hash: md5
      md5: ae28784177c65d8c88ca53cd0443d417.dir
      size: 427113
      nfiles: 3
  analyse:
    cmd: python -m src.analyse
    deps:
    - path: data/evaluate
      hash: md5
      md5: ae28784177c65d8c88ca53cd0443d417.dir
      size: 427113
      nfiles: 3
    - path: data/train
      hash: md5
      md5: f6d3707be98697c2cec0b3bbf92e3b30.dir
      size: 872108
      nfiles: 1
    outs:
    - path: data/analyse
      hash: md5
      md5: 67b5d2ed39dc79b9d066714faea3ea4d.dir
      size: 233748
      nfiles: 3
